<?xml version="1.0" encoding="utf-8"?>
<Project ToolsVersion="4.0" xmlns="http://schemas.microsoft.com/developer/msbuild/2003">
  <ItemGroup>
    <Filter Include="Source Files">
      <UniqueIdentifier>{4FC737F1-C7A5-4376-A066-2A32D752A2FF}</UniqueIdentifier>
      <Extensions>cpp;c;cc;cxx;c++;cppm;ixx;def;odl;idl;hpj;bat;asm;asmx</Extensions>
    </Filter>
    <Filter Include="Header Files">
      <UniqueIdentifier>{93995380-89BD-4b04-88EB-625FBE52EBFB}</UniqueIdentifier>
      <Extensions>h;hh;hpp;hxx;h++;hm;inl;inc;ipp;xsd</Extensions>
    </Filter>
    <Filter Include="Resource Files">
      <UniqueIdentifier>{67DA6AB6-F800-4c08-8B7A-83BB121AAD01}</UniqueIdentifier>
      <Extensions>rc;ico;cur;bmp;dlg;rc2;rct;bin;rgs;gif;jpg;jpeg;jpe;resx;tiff;tif;png;wav;mfcribbon-ms</Extensions>
    </Filter>
  </ItemGroup>
  <ItemGroup>
    <ClCompile Include="DllMain.cpp">
      <Filter>Source Files</Filter>
    </ClCompile>
    <ClCompile Include="Adaware.cpp">
      <Filter>Source Files</Filter>
    </ClCompile>
    <ClCompile Include="Avast.cpp">
      <Filter>Source Files</Filter>
    </ClCompile>
    <ClCompile Include="Avira.cpp">
      <Filter>Source Files</Filter>
    </ClCompile>
    <ClCompile Include="BitDefender.cpp">
      <Filter>Source Files</Filter>
    </ClCompile>
    <ClCompile Include="checkVM.cpp">
      <Filter>Source Files</Filter>
    </ClCompile>
    <ClCompile Include="DrWeb.cpp">
      <Filter>Source Files</Filter>
    </ClCompile>
    <ClCompile Include="EnumerateDevieceDrivers.cpp">
      <Filter>Source Files</Filter>
    </ClCompile>
    <ClCompile Include="FileExproler.cpp">
      <Filter>Source Files</Filter>
    </ClCompile>
    <ClCompile Include="FSecure.cpp">
      <Filter>Source Files</Filter>
    </ClCompile>
    <ClCompile Include="Kaspersky.cpp">
      <Filter>Source Files</Filter>
    </ClCompile>
    <ClCompile Include="KeePass.cpp">
      <Filter>Source Files</Filter>
    </ClCompile>
    <ClCompile Include="Main.cpp">
      <Filter>Source Files</Filter>
    </ClCompile>
    <ClCompile Include="MalwareBytes.cpp">
      <Filter>Source Files</Filter>
    </ClCompile>
    <ClCompile Include="Norton.cpp">
      <Filter>Source Files</Filter>
    </ClCompile>
    <ClCompile Include="ProcessScaner.cpp">
      <Filter>Source Files</Filter>
    </ClCompile>
    <ClCompile Include="TrendMicro.cpp">
      <Filter>Source Files</Filter>
    </ClCompile>
    <ClCompile Include="WebRoot.cpp">
      <Filter>Source Files</Filter>
    </ClCompile>
    <ClCompile Include="WinVersion.cpp">
      <Filter>Source Files</Filter>
    </ClCompile>
    <ClCompile Include="BeginHooking.cpp">
      <Filter>Source Files</Filter>
    </ClCompile>
    <ClCompile Include="SystemInfooo.cpp">
      <Filter>Source Files</Filter>
    </ClCompile>
    <ClCompile Include="SystemInfoGetting2.cpp">
      <Filter>Source Files</Filter>
    </ClCompile>
    <ClCompile Include="SaveProcessToFile.cpp">
      <Filter>Source Files</Filter>
    </ClCompile>
    <ClCompile Include="SaveSysToFile.cpp">
      <Filter>Source Files</Filter>
    </ClCompile>
    <ClCompile Include="SubKeyEnumerate.cpp">
      <Filter>Source Files</Filter>
    </ClCompile>
  </ItemGroup>
  <ItemGroup>
    <ClInclude Include="Adaware.h">
      <Filter>Header Files</Filter>
    </ClInclude>
    <ClInclude Include="Avast.h">
      <Filter>Header Files</Filter>
    </ClInclude>
    <ClInclude Include="Avira.h">
      <Filter>Header Files</Filter>
    </ClInclude>
    <ClInclude Include="BitDefender.h">
      <Filter>Header Files</Filter>
    </ClInclude>
    <ClInclude Include="checkVM.h">
      <Filter>Header Files</Filter>
    </ClInclude>
    <ClInclude Include="DrWeb.h">
      <Filter>Header Files</Filter>
    </ClInclude>
    <ClInclude Include="EnumerateDevieceDrivers.h">
      <Filter>Header Files</Filter>
    </ClInclude>
    <ClInclude Include="FileExproler.h">
      <Filter>Header Files</Filter>
    </ClInclude>
    <ClInclude Include="FSecure.h">
      <Filter>Header Files</Filter>
    </ClInclude>
    <ClInclude Include="Kaspersky.h">
      <Filter>Header Files</Filter>
    </ClInclude>
    <ClInclude Include="KeePass.h">
      <Filter>Header Files</Filter>
    </ClInclude>
    <ClInclude Include="MalwareBytes.h">
      <Filter>Header Files</Filter>
    </ClInclude>
    <ClInclude Include="Norton.h">
      <Filter>Header Files</Filter>
    </ClInclude>
    <ClInclude Include="ProcessScaner.h">
      <Filter>Header Files</Filter>
    </ClInclude>
    <ClInclude Include="TrendMicro.h">
      <Filter>Header Files</Filter>
    </ClInclude>
    <ClInclude Include="WebRoot.h">
      <Filter>Header Files</Filter>
    </ClInclude>
    <ClInclude Include="WinVersion.h">
      <Filter>Header Files</Filter>
    </ClInclude>
    <ClInclude Include="BeginHooking.h">
      <Filter>Header Files</Filter>
    </ClInclude>
    <ClInclude Include="SystemInfooo.h">
      <Filter>Header Files</Filter>
    </ClInclude>
    <ClInclude Include="SystemInfoGetting2.h">
      <Filter>Header Files</Filter>
    </ClInclude>
    <ClInclude Include="SaveProcessToFile.h">
      <Filter>Header Files</Filter>
    </ClInclude>
    <ClInclude Include="SaveSysToFile.h">
      <Filter>Header Files</Filter>
    </ClInclude>
    <ClInclude Include="SubKeyEnumerate.h">
      <Filter>Header Files</Filter>
    </ClInclude>
  </ItemGroup>
  <ItemGroup>
    <None Include="ValidatorDll.def">
      <Filter>Source Files</Filter>
    </None>
  </ItemGroup>
</Project>